// !$*UTF8*$!
{
	archiveVersion = 1;
	classes = {
	};
	objectVersion = 46;
	objects = {

/* Begin PBXBuildFile section */
		96AEA37B1EAD59DA00C51971 /* AppDelegate.swift in Sources */ = {isa = PBXBuildFile; fileRef = 96AEA37A1EAD59DA00C51971 /* AppDelegate.swift */; };
		96AEA37D1EAD59DA00C51971 /* ViewController.swift in Sources */ = {isa = PBXBuildFile; fileRef = 96AEA37C1EAD59DA00C51971 /* ViewController.swift */; };
		96AEA3801EAD59DA00C51971 /* Main.storyboard in Resources */ = {isa = PBXBuildFile; fileRef = 96AEA37E1EAD59DA00C51971 /* Main.storyboard */; };
		96AEA3821EAD59DA00C51971 /* Images.xcassets in Resources */ = {isa = PBXBuildFile; fileRef = 96AEA3811EAD59DA00C51971 /* Images.xcassets */; };
		96AEA3851EAD59DA00C51971 /* LaunchScreen.xib in Resources */ = {isa = PBXBuildFile; fileRef = 96AEA3831EAD59DA00C51971 /* LaunchScreen.xib */; };
		96AEA3911EAD59DA00C51971 /* Udemy_practice_appTests.swift in Sources */ = {isa = PBXBuildFile; fileRef = 96AEA3901EAD59DA00C51971 /* Udemy_practice_appTests.swift */; };
/* End PBXBuildFile section */

/* Begin PBXContainerItemProxy section */
		96AEA38B1EAD59DA00C51971 /* PBXContainerItemProxy */ = {
			isa = PBXContainerItemProxy;
			containerPortal = 96AEA36D1EAD59DA00C51971 /* Project object */;
			proxyType = 1;
			remoteGlobalIDString = 96AEA3741EAD59DA00C51971;
			remoteInfo = "Udemy practice app";
		};
/* End PBXContainerItemProxy section */

/* Begin PBXFileReference section */
		96AEA3751EAD59DA00C51971 /* Udemy practice app.app */ = {isa = PBXFileReference; explicitFileType = wrapper.application; includeInIndex = 0; path = "Udemy practice app.app"; sourceTree = BUILT_PRODUCTS_DIR; };
		96AEA3791EAD59DA00C51971 /* Info.plist */ = {isa = PBXFileReference; lastKnownFileType = text.plist.xml; path = Info.plist; sourceTree = "<group>"; };
		96AEA37A1EAD59DA00C51971 /* AppDelegate.swift */ = {isa = PBXFileReference; lastKnownFileType = sourcecode.swift; path = AppDelegate.swift; sourceTree = "<group>"; };
		96AEA37C1EAD59DA00C51971 /* ViewController.swift */ = {isa = PBXFileReference; lastKnownFileType = sourcecode.swift; path = ViewController.swift; sourceTree = "<group>"; };
		96AEA37F1EAD59DA00C51971 /* Base */ = {isa = PBXFileReference; lastKnownFileType = file.storyboard; name = Base; path = Base.lproj/Main.storyboard; sourceTree = "<group>"; };
		96AEA3811EAD59DA00C51971 /* Images.xcassets */ = {isa = PBXFileReference; lastKnownFileType = folder.assetcatalog; path = Images.xcassets; sourceTree = "<group>"; };
		96AEA3841EAD59DA00C51971 /* Base */ = {isa = PBXFileReference; lastKnownFileType = file.xib; name = Base; path = Base.lproj/LaunchScreen.xib; sourceTree = "<group>"; };
		96AEA38A1EAD59DA00C51971 /* Udemy practice appTests.xctest */ = {isa = PBXFileReference; explicitFileType = wrapper.cfbundle; includeInIndex = 0; path = "Udemy practice appTests.xctest"; sourceTree = BUILT_PRODUCTS_DIR; };
		96AEA38F1EAD59DA00C51971 /* Info.plist */ = {isa = PBXFileReference; lastKnownFileType = text.plist.xml; path = Info.plist; sourceTree = "<group>"; };
		96AEA3901EAD59DA00C51971 /* Udemy_practice_appTests.swift */ = {isa = PBXFileReference; lastKnownFileType = sourcecode.swift; path = Udemy_practice_appTests.swift; sourceTree = "<group>"; };
/* End PBXFileReference section */

/* Begin PBXFrameworksBuildPhase section */
		96AEA3721EAD59DA00C51971 /* Frameworks */ = {
			isa = PBXFrameworksBuildPhase;
			buildActionMask = 2147483647;
			files = (
			);
			runOnlyForDeploymentPostprocessing = 0;
		};
		96AEA3871EAD59DA00C51971 /* Frameworks */ = {
			isa = PBXFrameworksBuildPhase;
			buildActionMask = 2147483647;
			files = (
			);
			runOnlyForDeploymentPostprocessing = 0;
		};
/* End PBXFrameworksBuildPhase section */

/* Begin PBXGroup section */
		96AEA36C1EAD59DA00C51971 = {
			isa = PBXGroup;
			children = (
				96AEA3771EAD59DA00C51971 /* Udemy practice app */,
				96AEA38D1EAD59DA00C51971 /* Udemy practice appTests */,
				96AEA3761EAD59DA00C51971 /* Products */,
			);
			sourceTree = "<group>";
		};
		96AEA3761EAD59DA00C51971 /* Products */ = {
			isa = PBXGroup;
			children = (
				96AEA3751EAD59DA00C51971 /* Udemy practice app.app */,
				96AEA38A1EAD59DA00C51971 /* Udemy practice appTests.xctest */,
			);
			name = Products;
			sourceTree = "<group>";
		};
		96AEA3771EAD59DA00C51971 /* Udemy practice app */ = {
			isa = PBXGroup;
			children = (
				96AEA37A1EAD59DA00C51971 /* AppDelegate.swift */,
				96AEA37C1EAD59DA00C51971 /* ViewController.swift */,
				96AEA37E1EAD59DA00C51971 /* Main.storyboard */,
				96AEA3811EAD59DA00C51971 /* Images.xcassets */,
				96AEA3831EAD59DA00C51971 /* LaunchScreen.xib */,
				96AEA3781EAD59DA00C51971 /* Supporting Files */,
			);
			path = "Udemy practice app";
			sourceTree = "<group>";
		};
		96AEA3781EAD59DA00C51971 /* Supporting Files */ = {
			isa = PBXGroup;
			children = (
				96AEA3791EAD59DA00C51971 /* Info.plist */,
			);
			name = "Supporting Files";
			sourceTree = "<group>";
		};
		96AEA38D1EAD59DA00C51971 /* Udemy practice appTests */ = {
			isa = PBXGroup;
			children = (
				96AEA3901EAD59DA00C51971 /* Udemy_practice_appTests.swift */,
				96AEA38E1EAD59DA00C51971 /* Supporting Files */,
			);
			path = "Udemy practice appTests";
			sourceTree = "<group>";
		};
		96AEA38E1EAD59DA00C51971 /* Supporting Files */ = {
			isa = PBXGroup;
			children = (
				96AEA38F1EAD59DA00C51971 /* Info.plist */,
			);
			name = "Supporting Files";
			sourceTree = "<group>";
		};
/* End PBXGroup section */

/* Begin PBXNativeTarget section */
		96AEA3741EAD59DA00C51971 /* Udemy practice app */ = {
			isa = PBXNativeTarget;
			buildConfigurationList = 96AEA3941EAD59DA00C51971 /* Build configuration list for PBXNativeTarget "Udemy practice app" */;
			buildPhases = (
				96AEA3711EAD59DA00C51971 /* Sources */,
				96AEA3721EAD59DA00C51971 /* Frameworks */,
				96AEA3731EAD59DA00C51971 /* Resources */,
			);
			buildRules = (
			);
			dependencies = (
			);
			name = "Udemy practice app";
			productName = "Udemy practice app";
			productReference = 96AEA3751EAD59DA00C51971 /* Udemy practice app.app */;
			productType = "com.apple.product-type.application";
		};
		96AEA3891EAD59DA00C51971 /* Udemy practice appTests */ = {
			isa = PBXNativeTarget;
			buildConfigurationList = 96AEA3971EAD59DA00C51971 /* Build configuration list for PBXNativeTarget "Udemy practice appTests" */;
			buildPhases = (
				96AEA3861EAD59DA00C51971 /* Sources */,
				96AEA3871EAD59DA00C51971 /* Frameworks */,
				96AEA3881EAD59DA00C51971 /* Resources */,
			);
			buildRules = (
			);
			dependencies = (
				96AEA38C1EAD59DA00C51971 /* PBXTargetDependency */,
			);
			name = "Udemy practice appTests";
			productName = "Udemy practice appTests";
			productReference = 96AEA38A1EAD59DA00C51971 /* Udemy practice appTests.xctest */;
			productType = "com.apple.product-type.bundle.unit-test";
		};
/* End PBXNativeTarget section */

/* Begin PBXProject section */
		96AEA36D1EAD59DA00C51971 /* Project object */ = {
			isa = PBXProject;
			attributes = {
				LastUpgradeCheck = 0830;
				ORGANIZATIONNAME = "Will Laco";
				TargetAttributes = {
					96AEA3741EAD59DA00C51971 = {
						CreatedOnToolsVersion = 6.3.1;
						LastSwiftMigration = 0830;
					};
					96AEA3891EAD59DA00C51971 = {
						CreatedOnToolsVersion = 6.3.1;
						LastSwiftMigration = 0830;
						TestTargetID = 96AEA3741EAD59DA00C51971;
					};
				};
			};
			buildConfigurationList = 96AEA3701EAD59DA00C51971 /* Build configuration list for PBXProject "Udemy practice app" */;
			compatibilityVersion = "Xcode 3.2";
			developmentRegion = English;
			hasScannedForEncodings = 0;
			knownRegions = (
				en,
				Base,
			);
			mainGroup = 96AEA36C1EAD59DA00C51971;
			productRefGroup = 96AEA3761EAD59DA00C51971 /* Products */;
			projectDirPath = "";
			projectRoot = "";
			targets = (
				96AEA3741EAD59DA00C51971 /* Udemy practice app */,
				96AEA3891EAD59DA00C51971 /* Udemy practice appTests */,
			);
		};
/* End PBXProject section */

/* Begin PBXResourcesBuildPhase section */
		96AEA3731EAD59DA00C51971 /* Resources */ = {
			isa = PBXResourcesBuildPhase;
			buildActionMask = 2147483647;
			files = (
				96AEA3801EAD59DA00C51971 /* Main.storyboard in Resources */,
				96AEA3851EAD59DA00C51971 /* LaunchScreen.xib in Resources */,
				96AEA3821EAD59DA00C51971 /* Images.xcassets in Resources */,
			);
			runOnlyForDeploymentPostprocessing = 0;
		};
		96AEA3881EAD59DA00C51971 /* Resources */ = {
			isa = PBXResourcesBuildPhase;
			buildActionMask = 2147483647;
			files = (
			);
			runOnlyForDeploymentPostprocessing = 0;
		};
/* End PBXResourcesBuildPhase section */

/* Begin PBXSourcesBuildPhase section */
		96AEA3711EAD59DA00C51971 /* Sources */ = {
			isa = PBXSourcesBuildPhase;
			buildActionMask = 2147483647;
			files = (
				96AEA37D1EAD59DA00C51971 /* ViewController.swift in Sources */,
				96AEA37B1EAD59DA00C51971 /* AppDelegate.swift in Sources */,
			);
			runOnlyForDeploymentPostprocessing = 0;
		};
		96AEA3861EAD59DA00C51971 /* Sources */ = {
			isa = PBXSourcesBuildPhase;
			buildActionMask = 2147483647;
			files = (
				96AEA3911EAD59DA00C51971 /* Udemy_practice_appTests.swift in Sources */,
			);
			runOnlyForDeploymentPostprocessing = 0;
		};
/* End PBXSourcesBuildPhase section */

/* Begin PBXTargetDependency section */
		96AEA38C1EAD59DA00C51971 /* PBXTargetDependency */ = {
			isa = PBXTargetDependency;
			target = 96AEA3741EAD59DA00C51971 /* Udemy practice app */;
			targetProxy = 96AEA38B1EAD59DA00C51971 /* PBXContainerItemProxy */;
		};
/* End PBXTargetDependency section */

/* Begin PBXVariantGroup section */
		96AEA37E1EAD59DA00C51971 /* Main.storyboard */ = {
			isa = PBXVariantGroup;
			children = (
				96AEA37F1EAD59DA00C51971 /* Base */,
			);
			name = Main.storyboard;
			sourceTree = "<group>";
		};
		96AEA3831EAD59DA00C51971 /* LaunchScreen.xib */ = {
			isa = PBXVariantGroup;
			children = (
				96AEA3841EAD59DA00C51971 /* Base */,
			);
			name = LaunchScreen.xib;
			sourceTree = "<group>";
		};
/* End PBXVariantGroup section */

/* Begin XCBuildConfiguration section */
		96AEA3921EAD59DA00C51971 /* Debug */ = {
			isa = XCBuildConfiguration;
			buildSettings = {
				ALWAYS_SEARCH_USER_PATHS = NO;
				CLANG_CXX_LANGUAGE_STANDARD = "gnu++0x";
				CLANG_CXX_LIBRARY = "libc++";
				CLANG_ENABLE_MODULES = YES;
				CLANG_ENABLE_OBJC_ARC = YES;
				CLANG_WARN_BOOL_CONVERSION = YES;
				CLANG_WARN_CONSTANT_CONVERSION = YES;
				CLANG_WARN_DIRECT_OBJC_ISA_USAGE = YES_ERROR;
				CLANG_WARN_EMPTY_BODY = YES;
				CLANG_WARN_ENUM_CONVERSION = YES;
				CLANG_WARN_INFINITE_RECURSION = YES;
				CLANG_WARN_INT_CONVERSION = YES;
				CLANG_WARN_OBJC_ROOT_CLASS = YES_ERROR;
				CLANG_WARN_SUSPICIOUS_MOVE = YES;
				CLANG_WARN_UNREACHABLE_CODE = YES;
				CLANG_WARN__DUPLICATE_METHOD_MATCH = YES;
				"CODE_SIGN_IDENTITY[sdk=iphoneos*]" = "iPhone Developer";
				COPY_PHASE_STRIP = NO;
				DEBUG_INFORMATION_FORMAT = "dwarf-with-dsym";
				ENABLE_STRICT_OBJC_MSGSEND = YES;
				ENABLE_TESTABILITY = YES;
				GCC_C_LANGUAGE_STANDARD = gnu99;
				GCC_DYNAMIC_NO_PIC = NO;
				GCC_NO_COMMON_BLOCKS = YES;
				GCC_OPTIMIZATION_LEVEL = 0;
				GCC_PREPROCESSOR_DEFINITIONS = (
					"DEBUG=1",
					"$(inherited)",
				);
				GCC_SYMBOLS_PRIVATE_EXTERN = NO;
				GCC_WARN_64_TO_32_BIT_CONVERSION = YES;
				GCC_WARN_ABOUT_RETURN_TYPE = YES_ERROR;
				GCC_WARN_UNDECLARED_SELECTOR = YES;
				GCC_WARN_UNINITIALIZED_AUTOS = YES_AGGRESSIVE;
				GCC_WARN_UNUSED_FUNCTION = YES;
				GCC_WARN_UNUSED_VARIABLE = YES;
				IPHONEOS_DEPLOYMENT_TARGET = 8.3;
				MTL_ENABLE_DEBUG_INFO = YES;
				ONLY_ACTIVE_ARCH = YES;
				SDKROOT = iphoneos;
				SWIFT_OPTIMIZATION_LEVEL = "-Onone";
			};
			name = Debug;
		};
		96AEA3931EAD59DA00C51971 /* Release */ = {
			isa = XCBuildConfiguration;
			buildSettings = {
				ALWAYS_SEARCH_USER_PATHS = NO;
				CLANG_CXX_LANGUAGE_STANDARD = "gnu++0x";
				CLANG_CXX_LIBRARY = "libc++";
				CLANG_ENABLE_MODULES = YES;
				CLANG_ENABLE_OBJC_ARC = YES;
				CLANG_WARN_BOOL_CONVERSION = YES;
				CLANG_WARN_CONSTANT_CONVERSION = YES;
				CLANG_WARN_DIRECT_OBJC_ISA_USAGE = YES_ERROR;
				CLANG_WARN_EMPTY_BODY = YES;
				CLANG_WARN_ENUM_CONVERSION = YES;
				CLANG_WARN_INFINITE_RECURSION = YES;
				CLANG_WARN_INT_CONVERSION = YES;
				CLANG_WARN_OBJC_ROOT_CLASS = YES_ERROR;
				CLANG_WARN_SUSPICIOUS_MOVE = YES;
				CLANG_WARN_UNREACHABLE_CODE = YES;
				CLANG_WARN__DUPLICATE_METHOD_MATCH = YES;
				"CODE_SIGN_IDENTITY[sdk=iphoneos*]" = "iPhone Developer";
				COPY_PHASE_STRIP = NO;
				DEBUG_INFORMATION_FORMAT = "dwarf-with-dsym";
				ENABLE_NS_ASSERTIONS = NO;
				ENABLE_STRICT_OBJC_MSGSEND = YES;
				GCC_C_LANGUAGE_STANDARD = gnu99;
				GCC_NO_COMMON_BLOCKS = YES;
				GCC_WARN_64_TO_32_BIT_CONVERSION = YES;
				GCC_WARN_ABOUT_RETURN_TYPE = YES_ERROR;
				GCC_WARN_UNDECLARED_SELECTOR = YES;
				GCC_WARN_UNINITIALIZED_AUTOS = YES_AGGRESSIVE;
				GCC_WARN_UNUSED_FUNCTION = YES;
				GCC_WARN_UNUSED_VARIABLE = YES;
				IPHONEOS_DEPLOYMENT_TARGET = 8.3;
				MTL_ENABLE_DEBUG_INFO = NO;
				SDKROOT = iphoneos;
				SWIFT_OPTIMIZATION_LEVEL = "-Owholemodule";
				VALIDATE_PRODUCT = YES;
			};
			name = Release;
		};
		96AEA3951EAD59DA00C51971 /* Debug */ = {
			isa = XCBuildConfiguration;
			buildSettings = {
				ASSETCATALOG_COMPILER_APPICON_NAME = AppIcon;
				CODE_SIGN_IDENTITY = "iPhone Developer";
				INFOPLIST_FILE = "Udemy practice app/Info.plist";
				LD_RUNPATH_SEARCH_PATHS = "$(inherited) @executable_path/Frameworks";
				PRODUCT_BUNDLE_IDENTIFIER = "WL.$(PRODUCT_NAME:rfc1034identifier)";
				PRODUCT_NAME = "$(TARGET_NAME)";
				SWIFT_VERSION = 3.0;
			};
			name = Debug;
		};
		96AEA3961EAD59DA00C51971 /* Release */ = {
			isa = XCBuildConfiguration;
			buildSettings = {
				ASSETCATALOG_COMPILER_APPICON_NAME = AppIcon;
				CODE_SIGN_IDENTITY = "iPhone Developer";
				INFOPLIST_FILE = "Udemy practice app/Info.plist";
				LD_RUNPATH_SEARCH_PATHS = "$(inherited) @executable_path/Frameworks";
				PRODUCT_BUNDLE_IDENTIFIER = "WL.$(PRODUCT_NAME:rfc1034identifier)";
				PRODUCT_NAME = "$(TARGET_NAME)";
				SWIFT_VERSION = 3.0;
			};
			name = Release;
		};
		96AEA3981EAD59DA00C51971 /* Debug */ = {
			isa = XCBuildConfiguration;
			buildSettings = {
				BUNDLE_LOADER = "$(TEST_HOST)";
				FRAMEWORK_SEARCH_PATHS = (
					"$(SDKROOT)/Developer/Library/Frameworks",
					"$(inherited)",
				);
				GCC_PREPROCESSOR_DEFINITIONS = (
					"DEBUG=1",
					"$(inherited)",
				);
				INFOPLIST_FILE = "Udemy practice appTests/Info.plist";
				LD_RUNPATH_SEARCH_PATHS = "$(inherited) @executable_path/Frameworks @loader_path/Frameworks";
				PRODUCT_BUNDLE_IDENTIFIER = "WL.$(PRODUCT_NAME:rfc1034identifier)";
				PRODUCT_NAME = "$(TARGET_NAME)";
				SWIFT_VERSION = 3.0;
				TEST_HOST = "$(BUILT_PRODUCTS_DIR)/Udemy practice app.app/Udemy practice app";
			};
			name = Debug;
		};
		96AEA3991EAD59DA00C51971 /* Release */ = {
			isa = XCBuildConfiguration;
			buildSettings = {
				BUNDLE_LOADER = "$(TEST_HOST)";
				FRAMEWORK_SEARCH_PATHS = (
					"$(SDKROOT)/Developer/Library/Frameworks",
					"$(inherited)",
				);
				INFOPLIST_FILE = "Udemy practice appTests/Info.plist";
				LD_RUNPATH_SEARCH_PATHS = "$(inherited) @executable_path/Frameworks @loader_path/Frameworks";
				PRODUCT_BUNDLE_IDENTIFIER = "WL.$(PRODUCT_NAME:rfc1034identifier)";
				PRODUCT_NAME = "$(TARGET_NAME)";
				SWIFT_VERSION = 3.0;
				TEST_HOST = "$(BUILT_PRODUCTS_DIR)/Udemy practice app.app/Udemy practice app";
			};
			name = Release;
		};
/* End XCBuildConfiguration section */

/* Begin XCConfigurationList section */
		96AEA3701EAD59DA00C51971 /* Build configuration list for PBXProject "Udemy practice app" */ = {
			isa = XCConfigurationList;
			buildConfigurations = (
				96AEA3921EAD59DA00C51971 /* Debug */,
				96AEA3931EAD59DA00C51971 /* Release */,
			);
			defaultConfigurationIsVisible = 0;
			defaultConfigurationName = Release;
		};
		96AEA3941EAD59DA00C51971 /* Build configuration list for PBXNativeTarget "Udemy practice app" */ = {
			isa = XCConfigurationList;
			buildConfigurations = (
				96AEA3951EAD59DA00C51971 /* Debug */,
				96AEA3961EAD59DA00C51971 /* Release */,
			);
			defaultConfigurationIsVisible = 0;
			defaultConfigurationName = Release;
		};
		96AEA3971EAD59DA00C51971 /* Build configuration list for PBXNativeTarget "Udemy practice appTests" */ = {
			isa = XCConfigurationList;
			buildConfigurations = (
				96AEA3981EAD59DA00C51971 /* Debug */,
				96AEA3991EAD59DA00C51971 /* Release */,
			);
			defaultConfigurationIsVisible = 0;
			defaultConfigurationName = Release;
		};
/* End XCConfigurationList section */
	};
	rootObject = 96AEA36D1EAD59DA00C51971 /* Project object */;
}
